
Microsoft Visual Studio Solution File, Format Version 12.00
# Visual Studio 14
VisualStudioVersion = 14.0.25123.0
MinimumVisualStudioVersion = 10.0.40219.1
Project("{2150E333-8FDC-42A3-9474-1A3956D46DE8}") = "src", "src", "{B6A45339-1731-4980-A3B0-3B1F43A346F1}"
EndProject
Project("{2150E333-8FDC-42A3-9474-1A3956D46DE8}") = "Solution Items", "Solution Items", "{E2A65043-091B-4FCC-BB36-3D94881ACB82}"
	ProjectSection(SolutionItems) = preProject
		config.json = config.json
		global.json = global.json
	EndProjectSection
EndProject
Project("{8BB2217D-0F2D-49D1-97BC-3654ED321F3B}") = "PostgresPoc", "src\PostgresPoc\PostgresPoc.xproj", "{495B91D5-5E4D-4920-93D5-01353C295DA0}"
EndProject
Project("{8BB2217D-0F2D-49D1-97BC-3654ED321F3B}") = "ProposalDomain", "src\ProposalDomain\ProposalDomain.xproj", "{D27CA4A9-A24B-45A4-A808-F22D635A1908}"
EndProject
Project("{8BB2217D-0F2D-49D1-97BC-3654ED321F3B}") = "ProposalPostgresProvider", "src\ProposalPostgresProvider\ProposalPostgresProvider.xproj", "{FADCD86A-33CE-48E4-A788-9931735A31FF}"
EndProject
Global
	GlobalSection(SolutionConfigurationPlatforms) = preSolution
		Debug|Any CPU = Debug|Any CPU
		Release|Any CPU = Release|Any CPU
	EndGlobalSection
	GlobalSection(ProjectConfigurationPlatforms) = postSolution
		{495B91D5-5E4D-4920-93D5-01353C295DA0}.Debug|Any CPU.ActiveCfg = Debug|Any CPU
		{495B91D5-5E4D-4920-93D5-01353C295DA0}.Debug|Any CPU.Build.0 = Debug|Any CPU
		{495B91D5-5E4D-4920-93D5-01353C295DA0}.Release|Any CPU.ActiveCfg = Release|Any CPU
		{495B91D5-5E4D-4920-93D5-01353C295DA0}.Release|Any CPU.Build.0 = Release|Any CPU
		{D27CA4A9-A24B-45A4-A808-F22D635A1908}.Debug|Any CPU.ActiveCfg = Debug|Any CPU
		{D27CA4A9-A24B-45A4-A808-F22D635A1908}.Debug|Any CPU.Build.0 = Debug|Any CPU
		{D27CA4A9-A24B-45A4-A808-F22D635A1908}.Release|Any CPU.ActiveCfg = Release|Any CPU
		{D27CA4A9-A24B-45A4-A808-F22D635A1908}.Release|Any CPU.Build.0 = Release|Any CPU
		{FADCD86A-33CE-48E4-A788-9931735A31FF}.Debug|Any CPU.ActiveCfg = Debug|Any CPU
		{FADCD86A-33CE-48E4-A788-9931735A31FF}.Debug|Any CPU.Build.0 = Debug|Any CPU
		{FADCD86A-33CE-48E4-A788-9931735A31FF}.Release|Any CPU.ActiveCfg = Release|Any CPU
		{FADCD86A-33CE-48E4-A788-9931735A31FF}.Release|Any CPU.Build.0 = Release|Any CPU
	EndGlobalSection
	GlobalSection(SolutionProperties) = preSolution
		HideSolutionNode = FALSE
	EndGlobalSection
	GlobalSection(NestedProjects) = preSolution
		{495B91D5-5E4D-4920-93D5-01353C295DA0} = {B6A45339-1731-4980-A3B0-3B1F43A346F1}
		{D27CA4A9-A24B-45A4-A808-F22D635A1908} = {B6A45339-1731-4980-A3B0-3B1F43A346F1}
		{FADCD86A-33CE-48E4-A788-9931735A31FF} = {B6A45339-1731-4980-A3B0-3B1F43A346F1}
	EndGlobalSection
EndGlobal
